
Microsoft Visual Studio Solution File, Format Version 12.00
Project("{FAE04EC0-301F-11D3-BF4B-00C04F79EFBC}") = "Mock-Assessment-2", "Mock-Assessment-2\Mock-Assessment-2.csproj", "{CCB11FD1-7E37-428A-B422-487EE83D375E}"
EndProject
Global
	GlobalSection(SolutionConfigurationPlatforms) = preSolution
		Debug|Any CPU = Debug|Any CPU
		Release|Any CPU = Release|Any CPU
	EndGlobalSection
	GlobalSection(ProjectConfigurationPlatforms) = postSolution
		{CCB11FD1-7E37-428A-B422-487EE83D375E}.Debug|Any CPU.ActiveCfg = Debug|Any CPU
		{CCB11FD1-7E37-428A-B422-487EE83D375E}.Debug|Any CPU.Build.0 = Debug|Any CPU
		{CCB11FD1-7E37-428A-B422-487EE83D375E}.Release|Any CPU.ActiveCfg = Release|Any CPU
		{CCB11FD1-7E37-428A-B422-487EE83D375E}.Release|Any CPU.Build.0 = Release|Any CPU
	EndGlobalSection
EndGlobal
