
Microsoft Visual Studio Solution File, Format Version 12.00
Project("{FAE04EC0-301F-11D3-BF4B-00C04F79EFBC}") = "MockAssessment2", "MockAssessment2\MockAssessment2.csproj", "{583C1442-94BB-48D3-B37E-34439EC00897}"
EndProject
Global
	GlobalSection(SolutionConfigurationPlatforms) = preSolution
		Debug|Any CPU = Debug|Any CPU
		Release|Any CPU = Release|Any CPU
	EndGlobalSection
	GlobalSection(ProjectConfigurationPlatforms) = postSolution
		{583C1442-94BB-48D3-B37E-34439EC00897}.Debug|Any CPU.ActiveCfg = Debug|Any CPU
		{583C1442-94BB-48D3-B37E-34439EC00897}.Debug|Any CPU.Build.0 = Debug|Any CPU
		{583C1442-94BB-48D3-B37E-34439EC00897}.Release|Any CPU.ActiveCfg = Release|Any CPU
		{583C1442-94BB-48D3-B37E-34439EC00897}.Release|Any CPU.Build.0 = Release|Any CPU
	EndGlobalSection
EndGlobal
