
Microsoft Visual Studio Solution File, Format Version 12.00
Project("{FAE04EC0-301F-11D3-BF4B-00C04F79EFBC}") = "MethodsExamples", "MethodsExamples\MethodsExamples.csproj", "{5F5B86AC-C6A1-4109-A0B5-C066A41418FC}"
EndProject
Global
	GlobalSection(SolutionConfigurationPlatforms) = preSolution
		Debug|Any CPU = Debug|Any CPU
		Release|Any CPU = Release|Any CPU
	EndGlobalSection
	GlobalSection(ProjectConfigurationPlatforms) = postSolution
		{5F5B86AC-C6A1-4109-A0B5-C066A41418FC}.Debug|Any CPU.ActiveCfg = Debug|Any CPU
		{5F5B86AC-C6A1-4109-A0B5-C066A41418FC}.Debug|Any CPU.Build.0 = Debug|Any CPU
		{5F5B86AC-C6A1-4109-A0B5-C066A41418FC}.Release|Any CPU.ActiveCfg = Release|Any CPU
		{5F5B86AC-C6A1-4109-A0B5-C066A41418FC}.Release|Any CPU.Build.0 = Release|Any CPU
	EndGlobalSection
EndGlobal
