
Microsoft Visual Studio Solution File, Format Version 12.00
Project("{FAE04EC0-301F-11D3-BF4B-00C04F79EFBC}") = "Day-3-Linq-Lambda-Expressions", "Day-3-Linq-Lambda-Expressions\Day-3-Linq-Lambda-Expressions.csproj", "{5D61590C-9556-451D-989D-362FDBB5C913}"
EndProject
Global
	GlobalSection(SolutionConfigurationPlatforms) = preSolution
		Debug|Any CPU = Debug|Any CPU
		Release|Any CPU = Release|Any CPU
	EndGlobalSection
	GlobalSection(ProjectConfigurationPlatforms) = postSolution
		{5D61590C-9556-451D-989D-362FDBB5C913}.Debug|Any CPU.ActiveCfg = Debug|Any CPU
		{5D61590C-9556-451D-989D-362FDBB5C913}.Debug|Any CPU.Build.0 = Debug|Any CPU
		{5D61590C-9556-451D-989D-362FDBB5C913}.Release|Any CPU.ActiveCfg = Release|Any CPU
		{5D61590C-9556-451D-989D-362FDBB5C913}.Release|Any CPU.Build.0 = Release|Any CPU
	EndGlobalSection
EndGlobal
